schema: '2.0'
stages:
  prepare:
    cmd: python mlops_lab_1/src/prepare.py --raw_dir 
      data/raw/walmart-recruiting-store-sales-forecasting --out_dir 
      data/processed
    deps:
    - path: mlops_lab_1/data/raw/walmart-recruiting-store-sales-forecasting
      hash: md5
      md5: 882195e599b9d0ee7813aab6e3a0d910.dir
      size: 18180183
      nfiles: 5
    - path: mlops_lab_1/src/prepare.py
      hash: md5
      md5: cbfbec5c93d2e391aeb35d118aa24456
      size: 2654
    outs:
    - path: mlops_lab_1/data/processed/train_prepared.parquet
      hash: md5
      md5: 140d78b310f51a7efa4b9e7d2157f4ce
      size: 3104124
      isexec: true
  train:
    cmd: python mlops_lab_1/src/trainn.py --data_path 
      mlops_lab_1/data/processed/train_prepared.parquet --n_estimators 200 
      --max_depth 6 --test_size 0.2 --random_state 42
    deps:
    - path: mlops_lab_1/data/processed/train_prepared.parquet
      hash: md5
      md5: 140d78b310f51a7efa4b9e7d2157f4ce
      size: 3104124
    - path: mlops_lab_1/src/trainn.py
      hash: md5
      md5: a251f2c9a9ff40ade1233ee92e766b06
      size: 4771
    outs:
    - path: artifacts/feature_importance.png
      hash: md5
      md5: 58c108b6e5b6cd8ba116f5193441507b
      size: 72962
      isexec: true
    - path: metrics.json
      hash: md5
      md5: c1187f8d36d0714b2cc1ec2ff17fbb70
      size: 206
      isexec: true
    - path: model.pkl
      hash: md5
      md5: afee063b9fed8b49c011064fc15603fc
      size: 1895799
      isexec: true
