schema: '2.0'
stages:
  prepare:
    cmd: python mlops_lab_1/src/prepare.py --raw_dir 
      mlops_lab_1/data/raw/walmart-recruiting-store-sales-forecasting --out_dir 
      mlops_lab_1/data/processed
    deps:
    - path: mlops_lab_1/data/raw/walmart-recruiting-store-sales-forecasting
      hash: md5
      md5: 882195e599b9d0ee7813aab6e3a0d910.dir
      size: 18180183
      nfiles: 5
    - path: mlops_lab_1/src/prepare.py
      hash: md5
      md5: b7a8a2cc44478b4bb81c4a33202c5400
      size: 2565
    outs:
    - path: mlops_lab_1/data/processed/train_prepared.parquet
      hash: md5
      md5: ce13a8e9239450f2ffcfb46916e63b2b
      size: 3104067
  train:
    cmd: python mlops_lab_1/src/trainn.py --data_path 
      mlops_lab_1/data/processed/train_prepared.parquet --n_estimators 200 
      --max_depth 6 --test_size 0.2 --random_state 42
    deps:
    - path: mlops_lab_1/data/processed/train_prepared.parquet
      hash: md5
      md5: ce13a8e9239450f2ffcfb46916e63b2b
      size: 3104067
    - path: mlops_lab_1/src/trainn.py
      hash: md5
      md5: 6a9be8a4310418b81bab875730da67a1
      size: 4262
    outs:
    - path: mlops_lab_1/artifacts/feature_importance.png
      hash: md5
      md5: d92a07f44dca6cd4c06d815c89812a25
      size: 74282
    - path: mlops_lab_1/artifacts/metrics.json
      hash: md5
      md5: e89d2c93765f86f30008b1bfdba9122b
      size: 216
    - path: mlops_lab_1/models/model.joblib
      hash: md5
      md5: 512f6d7b3298acfa7a24e360b5cc0f6d
      size: 1894871
